
Microsoft Visual Studio Solution File, Format Version 12.00
# Visual Studio 15
VisualStudioVersion = 15.0.26430.14
MinimumVisualStudioVersion = 10.0.40219.1
Project("{9A19103F-16F7-4668-BE54-9A1E7A4F7556}") = "Config.CustomConfigurationProviders.Sample", "Config.CustomConfigurationProviders.Sample\Config.CustomConfigurationProviders.Sample.csproj", "{91377BD7-2DA1-4E78-9CF4-9ED1F04F5272}"
EndProject
Project("{9A19103F-16F7-4668-BE54-9A1E7A4F7556}") = "Config.CustomProviders.Web", "Config.CustomProviders.Web\Config.CustomProviders.Web.csproj", "{0716BC09-9625-46D4-8909-A4E168710753}"
EndProject
Project("{9A19103F-16F7-4668-BE54-9A1E7A4F7556}") = "Config.Options.Snapshot.Web", "Config.Options.Snapshot.Web\Config.Options.Snapshot.Web.csproj", "{082DDFF8-4789-40AD-91F2-12678C64985D}"
EndProject
Project("{9A19103F-16F7-4668-BE54-9A1E7A4F7556}") = "Config.Providers.Web", "Config.Providers.Web\Config.Providers.Web.csproj", "{D567321F-4BE5-4650-A934-1C73F26F2E49}"
EndProject
Project("{2150E333-8FDC-42A3-9474-1A3956D46DE8}") = "build", "build", "{E2116083-5175-48CD-B5EC-6D428EC4B449}"
	ProjectSection(SolutionItems) = preProject
		build\dependencies.props = build\dependencies.props
	EndProjectSection
EndProject
Project("{2150E333-8FDC-42A3-9474-1A3956D46DE8}") = "Config", "Config", "{02916DD3-ECDC-4503-9B01-1CB816036084}"
EndProject
Project("{9A19103F-16F7-4668-BE54-9A1E7A4F7556}") = "Config.SettingObject.Web", "Config.SettingObject.Web\Config.SettingObject.Web.csproj", "{D92BCADF-90B6-420F-B656-A48627EDC03A}"
EndProject
Project("{9A19103F-16F7-4668-BE54-9A1E7A4F7556}") = "Config.WalkingValues.Web", "Config.WalkingValues.Web\Config.WalkingValues.Web.csproj", "{B07904A9-B2CE-4938-A7DD-FE9876131EDC}"
EndProject
Project("{2150E333-8FDC-42A3-9474-1A3956D46DE8}") = "Builder", "Builder", "{6193685F-689F-4F6E-98E5-5851BA2A5143}"
EndProject
Project("{9A19103F-16F7-4668-BE54-9A1E7A4F7556}") = "Builder.Filtering.Web", "Builder.Filtering.Web\Builder.Filtering.Web.csproj", "{94DC7790-7135-4453-AC99-3C902E48A6C5}"
EndProject
Project("{9A19103F-16F7-4668-BE54-9A1E7A4F7556}") = "Builder.HelloWorld.Web", "Builder.HelloWorld.Web\Builder.HelloWorld.Web.csproj", "{26287F42-11BC-4B07-9084-EEED97E030A4}"
EndProject
Project("{9A19103F-16F7-4668-BE54-9A1E7A4F7556}") = "Builder.Middleware.Web", "Builder.Middleware.Web\Builder.Middleware.Web.csproj", "{7FB7E0C8-CA42-472D-857E-6388782E9914}"
EndProject
Project("{2150E333-8FDC-42A3-9474-1A3956D46DE8}") = "Container", "Container", "{3E10A408-2B3D-4622-B6FB-EF5D4834EC9C}"
EndProject
Project("{9A19103F-16F7-4668-BE54-9A1E7A4F7556}") = "Container.Fallback.Web", "Container.Fallback.Web\Container.Fallback.Web.csproj", "{D6B2A09D-DFB1-4DEA-8941-C7E9943070D5}"
EndProject
Project("{2150E333-8FDC-42A3-9474-1A3956D46DE8}") = "Content", "Content", "{FF7A75A9-7E3F-4B10-A542-4627825329F2}"
EndProject
Project("{9A19103F-16F7-4668-BE54-9A1E7A4F7556}") = "Content.Upload.Files", "Content.Upload.Files\Content.Upload.Files.csproj", "{6074EA2C-070F-42C1-834A-4EDD9A938230}"
EndProject
Project("{9A19103F-16F7-4668-BE54-9A1E7A4F7556}") = "Content.Upload.Form", "Content.Upload.Form\Content.Upload.Form.csproj", "{B3467922-4EDA-4404-BAEB-761B8D6130CB}"
EndProject
Project("{9A19103F-16F7-4668-BE54-9A1E7A4F7556}") = "Content.Upload.Multipart", "Content.Upload.Multipart\Content.Upload.Multipart.csproj", "{6B220E7D-C1A0-4C60-AA4A-2A8574BD062E}"
EndProject
Project("{2150E333-8FDC-42A3-9474-1A3956D46DE8}") = "Logging", "Logging", "{567DCBAC-9C22-4F37-B991-4BBD89DA3823}"
EndProject
Project("{9A19103F-16F7-4668-BE54-9A1E7A4F7556}") = "Logging.Elm", "Logging.Elm\Logging.Elm.csproj", "{209B5DC8-34A8-4350-8D93-035B766ABD49}"
EndProject
Project("{9A19103F-16F7-4668-BE54-9A1E7A4F7556}") = "Logging.Serilog", "Logging.Serilog\Logging.Serilog.csproj", "{40B837E4-60D6-4530-A8F0-0F077E96F18C}"
EndProject
Project("{9A19103F-16F7-4668-BE54-9A1E7A4F7556}") = "Logging.Serilog.Web", "Logging.Serilog.Web\Logging.Serilog.Web.csproj", "{ACE0110F-E832-468D-BAF2-7B1611C13C58}"
EndProject
Project("{2150E333-8FDC-42A3-9474-1A3956D46DE8}") = "WEB", "WEB", "{33B40606-52FC-4AE0-86C6-F010B9EA59CA}"
EndProject
Project("{9A19103F-16F7-4668-BE54-9A1E7A4F7556}") = "Web.Controllers", "Web.Controllers\Web.Controllers.csproj", "{76E69C57-285E-47D9-BC7E-BB4C07C40C13}"
EndProject
Project("{FAE04EC0-301F-11D3-BF4B-00C04F79EFBC}") = "Logging.NLog.Web", "Logging.NLog.Web\Logging.NLog.Web.csproj", "{392AAAEA-F68F-4EA8-A787-5BC89B7A5DA7}"
EndProject
Global
	GlobalSection(SolutionConfigurationPlatforms) = preSolution
		Debug|Any CPU = Debug|Any CPU
		Debug|x64 = Debug|x64
		Release|Any CPU = Release|Any CPU
		Release|x64 = Release|x64
	EndGlobalSection
	GlobalSection(ProjectConfigurationPlatforms) = postSolution
		{91377BD7-2DA1-4E78-9CF4-9ED1F04F5272}.Debug|Any CPU.ActiveCfg = Debug|Any CPU
		{91377BD7-2DA1-4E78-9CF4-9ED1F04F5272}.Debug|Any CPU.Build.0 = Debug|Any CPU
		{91377BD7-2DA1-4E78-9CF4-9ED1F04F5272}.Debug|x64.ActiveCfg = Debug|x64
		{91377BD7-2DA1-4E78-9CF4-9ED1F04F5272}.Debug|x64.Build.0 = Debug|x64
		{91377BD7-2DA1-4E78-9CF4-9ED1F04F5272}.Release|Any CPU.ActiveCfg = Release|Any CPU
		{91377BD7-2DA1-4E78-9CF4-9ED1F04F5272}.Release|Any CPU.Build.0 = Release|Any CPU
		{91377BD7-2DA1-4E78-9CF4-9ED1F04F5272}.Release|x64.ActiveCfg = Release|x64
		{91377BD7-2DA1-4E78-9CF4-9ED1F04F5272}.Release|x64.Build.0 = Release|x64
		{0716BC09-9625-46D4-8909-A4E168710753}.Debug|Any CPU.ActiveCfg = Debug|Any CPU
		{0716BC09-9625-46D4-8909-A4E168710753}.Debug|Any CPU.Build.0 = Debug|Any CPU
		{0716BC09-9625-46D4-8909-A4E168710753}.Debug|x64.ActiveCfg = Debug|Any CPU
		{0716BC09-9625-46D4-8909-A4E168710753}.Debug|x64.Build.0 = Debug|Any CPU
		{0716BC09-9625-46D4-8909-A4E168710753}.Release|Any CPU.ActiveCfg = Release|Any CPU
		{0716BC09-9625-46D4-8909-A4E168710753}.Release|Any CPU.Build.0 = Release|Any CPU
		{0716BC09-9625-46D4-8909-A4E168710753}.Release|x64.ActiveCfg = Release|Any CPU
		{0716BC09-9625-46D4-8909-A4E168710753}.Release|x64.Build.0 = Release|Any CPU
		{082DDFF8-4789-40AD-91F2-12678C64985D}.Debug|Any CPU.ActiveCfg = Debug|Any CPU
		{082DDFF8-4789-40AD-91F2-12678C64985D}.Debug|Any CPU.Build.0 = Debug|Any CPU
		{082DDFF8-4789-40AD-91F2-12678C64985D}.Debug|x64.ActiveCfg = Debug|Any CPU
		{082DDFF8-4789-40AD-91F2-12678C64985D}.Debug|x64.Build.0 = Debug|Any CPU
		{082DDFF8-4789-40AD-91F2-12678C64985D}.Release|Any CPU.ActiveCfg = Release|Any CPU
		{082DDFF8-4789-40AD-91F2-12678C64985D}.Release|Any CPU.Build.0 = Release|Any CPU
		{082DDFF8-4789-40AD-91F2-12678C64985D}.Release|x64.ActiveCfg = Release|Any CPU
		{082DDFF8-4789-40AD-91F2-12678C64985D}.Release|x64.Build.0 = Release|Any CPU
		{D567321F-4BE5-4650-A934-1C73F26F2E49}.Debug|Any CPU.ActiveCfg = Debug|Any CPU
		{D567321F-4BE5-4650-A934-1C73F26F2E49}.Debug|Any CPU.Build.0 = Debug|Any CPU
		{D567321F-4BE5-4650-A934-1C73F26F2E49}.Debug|x64.ActiveCfg = Debug|Any CPU
		{D567321F-4BE5-4650-A934-1C73F26F2E49}.Debug|x64.Build.0 = Debug|Any CPU
		{D567321F-4BE5-4650-A934-1C73F26F2E49}.Release|Any CPU.ActiveCfg = Release|Any CPU
		{D567321F-4BE5-4650-A934-1C73F26F2E49}.Release|Any CPU.Build.0 = Release|Any CPU
		{D567321F-4BE5-4650-A934-1C73F26F2E49}.Release|x64.ActiveCfg = Release|Any CPU
		{D567321F-4BE5-4650-A934-1C73F26F2E49}.Release|x64.Build.0 = Release|Any CPU
		{D92BCADF-90B6-420F-B656-A48627EDC03A}.Debug|Any CPU.ActiveCfg = Debug|Any CPU
		{D92BCADF-90B6-420F-B656-A48627EDC03A}.Debug|Any CPU.Build.0 = Debug|Any CPU
		{D92BCADF-90B6-420F-B656-A48627EDC03A}.Debug|x64.ActiveCfg = Debug|Any CPU
		{D92BCADF-90B6-420F-B656-A48627EDC03A}.Debug|x64.Build.0 = Debug|Any CPU
		{D92BCADF-90B6-420F-B656-A48627EDC03A}.Release|Any CPU.ActiveCfg = Release|Any CPU
		{D92BCADF-90B6-420F-B656-A48627EDC03A}.Release|Any CPU.Build.0 = Release|Any CPU
		{D92BCADF-90B6-420F-B656-A48627EDC03A}.Release|x64.ActiveCfg = Release|Any CPU
		{D92BCADF-90B6-420F-B656-A48627EDC03A}.Release|x64.Build.0 = Release|Any CPU
		{B07904A9-B2CE-4938-A7DD-FE9876131EDC}.Debug|Any CPU.ActiveCfg = Debug|Any CPU
		{B07904A9-B2CE-4938-A7DD-FE9876131EDC}.Debug|Any CPU.Build.0 = Debug|Any CPU
		{B07904A9-B2CE-4938-A7DD-FE9876131EDC}.Debug|x64.ActiveCfg = Debug|Any CPU
		{B07904A9-B2CE-4938-A7DD-FE9876131EDC}.Debug|x64.Build.0 = Debug|Any CPU
		{B07904A9-B2CE-4938-A7DD-FE9876131EDC}.Release|Any CPU.ActiveCfg = Release|Any CPU
		{B07904A9-B2CE-4938-A7DD-FE9876131EDC}.Release|Any CPU.Build.0 = Release|Any CPU
		{B07904A9-B2CE-4938-A7DD-FE9876131EDC}.Release|x64.ActiveCfg = Release|Any CPU
		{B07904A9-B2CE-4938-A7DD-FE9876131EDC}.Release|x64.Build.0 = Release|Any CPU
		{94DC7790-7135-4453-AC99-3C902E48A6C5}.Debug|Any CPU.ActiveCfg = Debug|Any CPU
		{94DC7790-7135-4453-AC99-3C902E48A6C5}.Debug|Any CPU.Build.0 = Debug|Any CPU
		{94DC7790-7135-4453-AC99-3C902E48A6C5}.Debug|x64.ActiveCfg = Debug|Any CPU
		{94DC7790-7135-4453-AC99-3C902E48A6C5}.Debug|x64.Build.0 = Debug|Any CPU
		{94DC7790-7135-4453-AC99-3C902E48A6C5}.Release|Any CPU.ActiveCfg = Release|Any CPU
		{94DC7790-7135-4453-AC99-3C902E48A6C5}.Release|Any CPU.Build.0 = Release|Any CPU
		{94DC7790-7135-4453-AC99-3C902E48A6C5}.Release|x64.ActiveCfg = Release|Any CPU
		{94DC7790-7135-4453-AC99-3C902E48A6C5}.Release|x64.Build.0 = Release|Any CPU
		{26287F42-11BC-4B07-9084-EEED97E030A4}.Debug|Any CPU.ActiveCfg = Debug|Any CPU
		{26287F42-11BC-4B07-9084-EEED97E030A4}.Debug|Any CPU.Build.0 = Debug|Any CPU
		{26287F42-11BC-4B07-9084-EEED97E030A4}.Debug|x64.ActiveCfg = Debug|Any CPU
		{26287F42-11BC-4B07-9084-EEED97E030A4}.Debug|x64.Build.0 = Debug|Any CPU
		{26287F42-11BC-4B07-9084-EEED97E030A4}.Release|Any CPU.ActiveCfg = Release|Any CPU
		{26287F42-11BC-4B07-9084-EEED97E030A4}.Release|Any CPU.Build.0 = Release|Any CPU
		{26287F42-11BC-4B07-9084-EEED97E030A4}.Release|x64.ActiveCfg = Release|Any CPU
		{26287F42-11BC-4B07-9084-EEED97E030A4}.Release|x64.Build.0 = Release|Any CPU
		{7FB7E0C8-CA42-472D-857E-6388782E9914}.Debug|Any CPU.ActiveCfg = Debug|Any CPU
		{7FB7E0C8-CA42-472D-857E-6388782E9914}.Debug|Any CPU.Build.0 = Debug|Any CPU
		{7FB7E0C8-CA42-472D-857E-6388782E9914}.Debug|x64.ActiveCfg = Debug|Any CPU
		{7FB7E0C8-CA42-472D-857E-6388782E9914}.Debug|x64.Build.0 = Debug|Any CPU
		{7FB7E0C8-CA42-472D-857E-6388782E9914}.Release|Any CPU.ActiveCfg = Release|Any CPU
		{7FB7E0C8-CA42-472D-857E-6388782E9914}.Release|Any CPU.Build.0 = Release|Any CPU
		{7FB7E0C8-CA42-472D-857E-6388782E9914}.Release|x64.ActiveCfg = Release|Any CPU
		{7FB7E0C8-CA42-472D-857E-6388782E9914}.Release|x64.Build.0 = Release|Any CPU
		{D6B2A09D-DFB1-4DEA-8941-C7E9943070D5}.Debug|Any CPU.ActiveCfg = Debug|Any CPU
		{D6B2A09D-DFB1-4DEA-8941-C7E9943070D5}.Debug|Any CPU.Build.0 = Debug|Any CPU
		{D6B2A09D-DFB1-4DEA-8941-C7E9943070D5}.Debug|x64.ActiveCfg = Debug|Any CPU
		{D6B2A09D-DFB1-4DEA-8941-C7E9943070D5}.Debug|x64.Build.0 = Debug|Any CPU
		{D6B2A09D-DFB1-4DEA-8941-C7E9943070D5}.Release|Any CPU.ActiveCfg = Release|Any CPU
		{D6B2A09D-DFB1-4DEA-8941-C7E9943070D5}.Release|Any CPU.Build.0 = Release|Any CPU
		{D6B2A09D-DFB1-4DEA-8941-C7E9943070D5}.Release|x64.ActiveCfg = Release|Any CPU
		{D6B2A09D-DFB1-4DEA-8941-C7E9943070D5}.Release|x64.Build.0 = Release|Any CPU
		{6074EA2C-070F-42C1-834A-4EDD9A938230}.Debug|Any CPU.ActiveCfg = Debug|Any CPU
		{6074EA2C-070F-42C1-834A-4EDD9A938230}.Debug|Any CPU.Build.0 = Debug|Any CPU
		{6074EA2C-070F-42C1-834A-4EDD9A938230}.Debug|x64.ActiveCfg = Debug|Any CPU
		{6074EA2C-070F-42C1-834A-4EDD9A938230}.Debug|x64.Build.0 = Debug|Any CPU
		{6074EA2C-070F-42C1-834A-4EDD9A938230}.Release|Any CPU.ActiveCfg = Release|Any CPU
		{6074EA2C-070F-42C1-834A-4EDD9A938230}.Release|Any CPU.Build.0 = Release|Any CPU
		{6074EA2C-070F-42C1-834A-4EDD9A938230}.Release|x64.ActiveCfg = Release|Any CPU
		{6074EA2C-070F-42C1-834A-4EDD9A938230}.Release|x64.Build.0 = Release|Any CPU
		{B3467922-4EDA-4404-BAEB-761B8D6130CB}.Debug|Any CPU.ActiveCfg = Debug|Any CPU
		{B3467922-4EDA-4404-BAEB-761B8D6130CB}.Debug|Any CPU.Build.0 = Debug|Any CPU
		{B3467922-4EDA-4404-BAEB-761B8D6130CB}.Debug|x64.ActiveCfg = Debug|Any CPU
		{B3467922-4EDA-4404-BAEB-761B8D6130CB}.Debug|x64.Build.0 = Debug|Any CPU
		{B3467922-4EDA-4404-BAEB-761B8D6130CB}.Release|Any CPU.ActiveCfg = Release|Any CPU
		{B3467922-4EDA-4404-BAEB-761B8D6130CB}.Release|Any CPU.Build.0 = Release|Any CPU
		{B3467922-4EDA-4404-BAEB-761B8D6130CB}.Release|x64.ActiveCfg = Release|Any CPU
		{B3467922-4EDA-4404-BAEB-761B8D6130CB}.Release|x64.Build.0 = Release|Any CPU
		{6B220E7D-C1A0-4C60-AA4A-2A8574BD062E}.Debug|Any CPU.ActiveCfg = Debug|Any CPU
		{6B220E7D-C1A0-4C60-AA4A-2A8574BD062E}.Debug|Any CPU.Build.0 = Debug|Any CPU
		{6B220E7D-C1A0-4C60-AA4A-2A8574BD062E}.Debug|x64.ActiveCfg = Debug|Any CPU
		{6B220E7D-C1A0-4C60-AA4A-2A8574BD062E}.Debug|x64.Build.0 = Debug|Any CPU
		{6B220E7D-C1A0-4C60-AA4A-2A8574BD062E}.Release|Any CPU.ActiveCfg = Release|Any CPU
		{6B220E7D-C1A0-4C60-AA4A-2A8574BD062E}.Release|Any CPU.Build.0 = Release|Any CPU
		{6B220E7D-C1A0-4C60-AA4A-2A8574BD062E}.Release|x64.ActiveCfg = Release|Any CPU
		{6B220E7D-C1A0-4C60-AA4A-2A8574BD062E}.Release|x64.Build.0 = Release|Any CPU
		{209B5DC8-34A8-4350-8D93-035B766ABD49}.Debug|Any CPU.ActiveCfg = Debug|Any CPU
		{209B5DC8-34A8-4350-8D93-035B766ABD49}.Debug|Any CPU.Build.0 = Debug|Any CPU
		{209B5DC8-34A8-4350-8D93-035B766ABD49}.Debug|x64.ActiveCfg = Debug|Any CPU
		{209B5DC8-34A8-4350-8D93-035B766ABD49}.Debug|x64.Build.0 = Debug|Any CPU
		{209B5DC8-34A8-4350-8D93-035B766ABD49}.Release|Any CPU.ActiveCfg = Release|Any CPU
		{209B5DC8-34A8-4350-8D93-035B766ABD49}.Release|Any CPU.Build.0 = Release|Any CPU
		{209B5DC8-34A8-4350-8D93-035B766ABD49}.Release|x64.ActiveCfg = Release|Any CPU
		{209B5DC8-34A8-4350-8D93-035B766ABD49}.Release|x64.Build.0 = Release|Any CPU
		{40B837E4-60D6-4530-A8F0-0F077E96F18C}.Debug|Any CPU.ActiveCfg = Debug|Any CPU
		{40B837E4-60D6-4530-A8F0-0F077E96F18C}.Debug|Any CPU.Build.0 = Debug|Any CPU
		{40B837E4-60D6-4530-A8F0-0F077E96F18C}.Debug|x64.ActiveCfg = Debug|Any CPU
		{40B837E4-60D6-4530-A8F0-0F077E96F18C}.Debug|x64.Build.0 = Debug|Any CPU
		{40B837E4-60D6-4530-A8F0-0F077E96F18C}.Release|Any CPU.ActiveCfg = Release|Any CPU
		{40B837E4-60D6-4530-A8F0-0F077E96F18C}.Release|Any CPU.Build.0 = Release|Any CPU
		{40B837E4-60D6-4530-A8F0-0F077E96F18C}.Release|x64.ActiveCfg = Release|Any CPU
		{40B837E4-60D6-4530-A8F0-0F077E96F18C}.Release|x64.Build.0 = Release|Any CPU
		{ACE0110F-E832-468D-BAF2-7B1611C13C58}.Debug|Any CPU.ActiveCfg = Debug|Any CPU
		{ACE0110F-E832-468D-BAF2-7B1611C13C58}.Debug|Any CPU.Build.0 = Debug|Any CPU
		{ACE0110F-E832-468D-BAF2-7B1611C13C58}.Debug|x64.ActiveCfg = Debug|Any CPU
		{ACE0110F-E832-468D-BAF2-7B1611C13C58}.Debug|x64.Build.0 = Debug|Any CPU
		{ACE0110F-E832-468D-BAF2-7B1611C13C58}.Release|Any CPU.ActiveCfg = Release|Any CPU
		{ACE0110F-E832-468D-BAF2-7B1611C13C58}.Release|Any CPU.Build.0 = Release|Any CPU
		{ACE0110F-E832-468D-BAF2-7B1611C13C58}.Release|x64.ActiveCfg = Release|Any CPU
		{ACE0110F-E832-468D-BAF2-7B1611C13C58}.Release|x64.Build.0 = Release|Any CPU
		{76E69C57-285E-47D9-BC7E-BB4C07C40C13}.Debug|Any CPU.ActiveCfg = Debug|Any CPU
		{76E69C57-285E-47D9-BC7E-BB4C07C40C13}.Debug|Any CPU.Build.0 = Debug|Any CPU
		{76E69C57-285E-47D9-BC7E-BB4C07C40C13}.Debug|x64.ActiveCfg = Debug|Any CPU
		{76E69C57-285E-47D9-BC7E-BB4C07C40C13}.Debug|x64.Build.0 = Debug|Any CPU
		{76E69C57-285E-47D9-BC7E-BB4C07C40C13}.Release|Any CPU.ActiveCfg = Release|Any CPU
		{76E69C57-285E-47D9-BC7E-BB4C07C40C13}.Release|Any CPU.Build.0 = Release|Any CPU
		{76E69C57-285E-47D9-BC7E-BB4C07C40C13}.Release|x64.ActiveCfg = Release|Any CPU
		{76E69C57-285E-47D9-BC7E-BB4C07C40C13}.Release|x64.Build.0 = Release|Any CPU
		{392AAAEA-F68F-4EA8-A787-5BC89B7A5DA7}.Debug|Any CPU.ActiveCfg = Debug|Any CPU
		{392AAAEA-F68F-4EA8-A787-5BC89B7A5DA7}.Debug|Any CPU.Build.0 = Debug|Any CPU
		{392AAAEA-F68F-4EA8-A787-5BC89B7A5DA7}.Debug|x64.ActiveCfg = Debug|Any CPU
		{392AAAEA-F68F-4EA8-A787-5BC89B7A5DA7}.Debug|x64.Build.0 = Debug|Any CPU
		{392AAAEA-F68F-4EA8-A787-5BC89B7A5DA7}.Release|Any CPU.ActiveCfg = Release|Any CPU
		{392AAAEA-F68F-4EA8-A787-5BC89B7A5DA7}.Release|Any CPU.Build.0 = Release|Any CPU
		{392AAAEA-F68F-4EA8-A787-5BC89B7A5DA7}.Release|x64.ActiveCfg = Release|Any CPU
		{392AAAEA-F68F-4EA8-A787-5BC89B7A5DA7}.Release|x64.Build.0 = Release|Any CPU
	EndGlobalSection
	GlobalSection(SolutionProperties) = preSolution
		HideSolutionNode = FALSE
	EndGlobalSection
	GlobalSection(NestedProjects) = preSolution
		{91377BD7-2DA1-4E78-9CF4-9ED1F04F5272} = {02916DD3-ECDC-4503-9B01-1CB816036084}
		{0716BC09-9625-46D4-8909-A4E168710753} = {02916DD3-ECDC-4503-9B01-1CB816036084}
		{082DDFF8-4789-40AD-91F2-12678C64985D} = {02916DD3-ECDC-4503-9B01-1CB816036084}
		{D567321F-4BE5-4650-A934-1C73F26F2E49} = {02916DD3-ECDC-4503-9B01-1CB816036084}
		{D92BCADF-90B6-420F-B656-A48627EDC03A} = {02916DD3-ECDC-4503-9B01-1CB816036084}
		{B07904A9-B2CE-4938-A7DD-FE9876131EDC} = {02916DD3-ECDC-4503-9B01-1CB816036084}
		{94DC7790-7135-4453-AC99-3C902E48A6C5} = {6193685F-689F-4F6E-98E5-5851BA2A5143}
		{26287F42-11BC-4B07-9084-EEED97E030A4} = {6193685F-689F-4F6E-98E5-5851BA2A5143}
		{7FB7E0C8-CA42-472D-857E-6388782E9914} = {6193685F-689F-4F6E-98E5-5851BA2A5143}
		{D6B2A09D-DFB1-4DEA-8941-C7E9943070D5} = {3E10A408-2B3D-4622-B6FB-EF5D4834EC9C}
		{6074EA2C-070F-42C1-834A-4EDD9A938230} = {FF7A75A9-7E3F-4B10-A542-4627825329F2}
		{B3467922-4EDA-4404-BAEB-761B8D6130CB} = {FF7A75A9-7E3F-4B10-A542-4627825329F2}
		{6B220E7D-C1A0-4C60-AA4A-2A8574BD062E} = {FF7A75A9-7E3F-4B10-A542-4627825329F2}
		{209B5DC8-34A8-4350-8D93-035B766ABD49} = {567DCBAC-9C22-4F37-B991-4BBD89DA3823}
		{40B837E4-60D6-4530-A8F0-0F077E96F18C} = {567DCBAC-9C22-4F37-B991-4BBD89DA3823}
		{ACE0110F-E832-468D-BAF2-7B1611C13C58} = {33B40606-52FC-4AE0-86C6-F010B9EA59CA}
		{33B40606-52FC-4AE0-86C6-F010B9EA59CA} = {567DCBAC-9C22-4F37-B991-4BBD89DA3823}
		{76E69C57-285E-47D9-BC7E-BB4C07C40C13} = {33B40606-52FC-4AE0-86C6-F010B9EA59CA}
		{392AAAEA-F68F-4EA8-A787-5BC89B7A5DA7} = {33B40606-52FC-4AE0-86C6-F010B9EA59CA}
	EndGlobalSection
EndGlobal
